
Microsoft Visual Studio Solution File, Format Version 12.00
# Visual Studio Version 17
VisualStudioVersion = 17.10.35122.118
MinimumVisualStudioVersion = 10.0.40219.1
Project("{9A19103F-16F7-4668-BE54-9A1E7A4F7556}") = "WebServer", "WebServer\WebServer.csproj", "{32E22CD1-CBE3-45E5-BADF-CE83A3096624}"
EndProject
Project("{9A19103F-16F7-4668-BE54-9A1E7A4F7556}") = "WebServer.Test", "WebServer.Test\WebServer.Test.csproj", "{36053856-E83C-4040-92CD-C825B6D11BD7}"
EndProject
Global
	GlobalSection(SolutionConfigurationPlatforms) = preSolution
		Debug|Any CPU = Debug|Any CPU
		Release|Any CPU = Release|Any CPU
	EndGlobalSection
	GlobalSection(ProjectConfigurationPlatforms) = postSolution
		{32E22CD1-CBE3-45E5-BADF-CE83A3096624}.Debug|Any CPU.ActiveCfg = Debug|Any CPU
		{32E22CD1-CBE3-45E5-BADF-CE83A3096624}.Debug|Any CPU.Build.0 = Debug|Any CPU
		{32E22CD1-CBE3-45E5-BADF-CE83A3096624}.Release|Any CPU.ActiveCfg = Release|Any CPU
		{32E22CD1-CBE3-45E5-BADF-CE83A3096624}.Release|Any CPU.Build.0 = Release|Any CPU
		{36053856-E83C-4040-92CD-C825B6D11BD7}.Debug|Any CPU.ActiveCfg = Debug|Any CPU
		{36053856-E83C-4040-92CD-C825B6D11BD7}.Debug|Any CPU.Build.0 = Debug|Any CPU
		{36053856-E83C-4040-92CD-C825B6D11BD7}.Release|Any CPU.ActiveCfg = Release|Any CPU
		{36053856-E83C-4040-92CD-C825B6D11BD7}.Release|Any CPU.Build.0 = Release|Any CPU
	EndGlobalSection
	GlobalSection(SolutionProperties) = preSolution
		HideSolutionNode = FALSE
	EndGlobalSection
	GlobalSection(ExtensibilityGlobals) = postSolution
		SolutionGuid = {E7B28D2F-36D8-459B-B727-187C1BBAD690}
	EndGlobalSection
EndGlobal
